
Microsoft Visual Studio Solution File, Format Version 12.00
# Visual Studio 15
VisualStudioVersion = 15.0.27703.2047
MinimumVisualStudioVersion = 10.0.40219.1
Project("{FAE04EC0-301F-11D3-BF4B-00C04F79EFBC}") = "Algorithm_BlockBuilding", "Algorithm_BlockBuilding\Algorithm_BlockBuilding.csproj", "{5D82E15E-EC93-4665-86FC-F6775EA5585F}"
EndProject
Global
	GlobalSection(SolutionConfigurationPlatforms) = preSolution
		Debug|Any CPU = Debug|Any CPU
		Release|Any CPU = Release|Any CPU
	EndGlobalSection
	GlobalSection(ProjectConfigurationPlatforms) = postSolution
		{5D82E15E-EC93-4665-86FC-F6775EA5585F}.Debug|Any CPU.ActiveCfg = Debug|Any CPU
		{5D82E15E-EC93-4665-86FC-F6775EA5585F}.Debug|Any CPU.Build.0 = Debug|Any CPU
		{5D82E15E-EC93-4665-86FC-F6775EA5585F}.Release|Any CPU.ActiveCfg = Release|Any CPU
		{5D82E15E-EC93-4665-86FC-F6775EA5585F}.Release|Any CPU.Build.0 = Release|Any CPU
	EndGlobalSection
	GlobalSection(SolutionProperties) = preSolution
		HideSolutionNode = FALSE
	EndGlobalSection
	GlobalSection(ExtensibilityGlobals) = postSolution
		SolutionGuid = {4E6284B4-4273-4606-97BD-1CEB33C92A08}
	EndGlobalSection
EndGlobal
